
Microsoft Visual Studio Solution File, Format Version 12.00
# Visual Studio Version 17
VisualStudioVersion = 17.0.31903.59
MinimumVisualStudioVersion = 10.0.40219.1
Project("{2150E333-8FDC-42A3-9474-1A3956D46DE8}") = "src", "src", "{827E0CD3-B72D-47B6-A68D-7590B98EB39B}"
EndProject
Project("{FAE04EC0-301F-11D3-BF4B-00C04F79EFBC}") = "RentAutoApp.Web", "src\RentAutoApp.Web\RentAutoApp.Web.csproj", "{7ACC3056-3C5C-4D65-B74F-D196F643D5CA}"
EndProject
Project("{FAE04EC0-301F-11D3-BF4B-00C04F79EFBC}") = "RentAutoApp.Web.ViewModels", "src\RentAutoApp.Web.ViewModels\RentAutoApp.Web.ViewModels.csproj", "{FE9BF025-F464-47F4-BDF4-1B0865895686}"
EndProject
Project("{FAE04EC0-301F-11D3-BF4B-00C04F79EFBC}") = "RentAutoApp.Web.Infrastructure", "src\RentAutoApp.Web.Infrastructure\RentAutoApp.Web.Infrastructure.csproj", "{FEF85FFB-E756-4D25-8A04-6960FF1A2A24}"
EndProject
Project("{FAE04EC0-301F-11D3-BF4B-00C04F79EFBC}") = "RentAutoApp.Services.Core", "src\RentAutoApp.Services.Core\RentAutoApp.Services.Core.csproj", "{AB04D8CE-C013-4E2D-A713-26239206DEA4}"
EndProject
Project("{FAE04EC0-301F-11D3-BF4B-00C04F79EFBC}") = "RentAutoApp.Services.AutoMapping", "src\RentAutoApp.Services.AutoMapping\RentAutoApp.Services.AutoMapping.csproj", "{BDCFBFBA-61D5-4818-A313-0BFC099C7F44}"
EndProject
Project("{FAE04EC0-301F-11D3-BF4B-00C04F79EFBC}") = "RentAutoApp.Services.Common", "src\RentAutoApp.Services.Common\RentAutoApp.Services.Common.csproj", "{9E88CC82-4AAF-490B-8448-2D547117A7FC}"
EndProject
Project("{FAE04EC0-301F-11D3-BF4B-00C04F79EFBC}") = "RentAutoApp.Data", "src\RentAutoApp.Data\RentAutoApp.Data.csproj", "{086654AC-6B13-4D81-90A3-047BBB70ACE0}"
EndProject
Project("{FAE04EC0-301F-11D3-BF4B-00C04F79EFBC}") = "RentAutoApp.Data.Models", "src\RentAutoApp.Data.Models\RentAutoApp.Data.Models.csproj", "{9686650C-FD7E-4EBF-8B95-A4CF4417C31F}"
EndProject
Project("{FAE04EC0-301F-11D3-BF4B-00C04F79EFBC}") = "RentAutoApp.Data.Common", "src\RentAutoApp.Data.Common\RentAutoApp.Data.Common.csproj", "{3664B44D-968B-4274-99AC-3DD0C4B5C9EE}"
EndProject
Project("{FAE04EC0-301F-11D3-BF4B-00C04F79EFBC}") = "RentAutoApp.GCommon", "src\RentAutoApp.GCommon\RentAutoApp.GCommon.csproj", "{4BFDC470-3D8B-4167-8B00-15B9CE34C818}"
EndProject
Project("{2150E333-8FDC-42A3-9474-1A3956D46DE8}") = "tests", "tests", "{0AB3BF05-4346-4AA6-1389-037BE0695223}"
EndProject
Project("{FAE04EC0-301F-11D3-BF4B-00C04F79EFBC}") = "RentAutoApp.Web.Tests", "tests\RentAutoApp.Web.Tests\RentAutoApp.Web.Tests.csproj", "{B5188153-E4D7-4C1B-BCDF-64A7C9DE6BBC}"
EndProject
Project("{FAE04EC0-301F-11D3-BF4B-00C04F79EFBC}") = "RentAutoApp.Services.Core.Tests", "tests\RentAutoApp.Services.Core.Tests\RentAutoApp.Services.Core.Tests.csproj", "{D8DF04FE-0AD6-415E-B187-51161EE94C22}"
EndProject
Project("{FAE04EC0-301F-11D3-BF4B-00C04F79EFBC}") = "RentAutoApp.IntegrationTests", "tests\RentAutoApp.IntegrationTests\RentAutoApp.IntegrationTests.csproj", "{6DA459FD-E730-4B98-965C-E580B8A15FC0}"
EndProject
Project("{2150E333-8FDC-42A3-9474-1A3956D46DE8}") = "Data", "Data", "{02EA681E-C7D8-13C7-8484-4AC65E1B71E8}"
EndProject
Project("{2150E333-8FDC-42A3-9474-1A3956D46DE8}") = "Services", "Services", "{287C2618-B4B9-4F3E-9ACA-CE6C84025C91}"
EndProject
Project("{2150E333-8FDC-42A3-9474-1A3956D46DE8}") = "Web", "Web", "{E92A1704-5DBE-4175-8672-DC89ED1FB2CD}"
EndProject
Project("{FAE04EC0-301F-11D3-BF4B-00C04F79EFBC}") = "RentAutoApp.Infrastructure.Email", "src\RentAutoApp.Infrastructure.Email\RentAutoApp.Infrastructure.Email.csproj", "{5C26B462-46CF-831A-F280-9CCB5A0EA846}"
EndProject
Project("{FAE04EC0-301F-11D3-BF4B-00C04F79EFBC}") = "RentAutoApp.Services.Messaging", "src\RentAutoApp.Services.Messaging\RentAutoApp.Services.Messaging.csproj", "{1D53B857-C1EE-2067-D717-8A411218E5C0}"
EndProject
Project("{2150E333-8FDC-42A3-9474-1A3956D46DE8}") = "Infrastructure", "Infrastructure", "{BF1A6912-9E11-411E-AEF7-2A5519F7D0E3}"
EndProject
Project("{FAE04EC0-301F-11D3-BF4B-00C04F79EFBC}") = "RentAutoApp.Email.Tests", "tests\RentAutoApp.Email.Tests\RentAutoApp.Email.Tests.csproj", "{25E24483-B5F7-35F1-CF96-A7D30E1FA365}"
EndProject
Global
	GlobalSection(SolutionConfigurationPlatforms) = preSolution
		Debug|Any CPU = Debug|Any CPU
		Debug|x64 = Debug|x64
		Debug|x86 = Debug|x86
		Release|Any CPU = Release|Any CPU
		Release|x64 = Release|x64
		Release|x86 = Release|x86
	EndGlobalSection
	GlobalSection(ProjectConfigurationPlatforms) = postSolution
		{7ACC3056-3C5C-4D65-B74F-D196F643D5CA}.Debug|Any CPU.ActiveCfg = Debug|Any CPU
		{7ACC3056-3C5C-4D65-B74F-D196F643D5CA}.Debug|Any CPU.Build.0 = Debug|Any CPU
		{7ACC3056-3C5C-4D65-B74F-D196F643D5CA}.Debug|x64.ActiveCfg = Debug|Any CPU
		{7ACC3056-3C5C-4D65-B74F-D196F643D5CA}.Debug|x64.Build.0 = Debug|Any CPU
		{7ACC3056-3C5C-4D65-B74F-D196F643D5CA}.Debug|x86.ActiveCfg = Debug|Any CPU
		{7ACC3056-3C5C-4D65-B74F-D196F643D5CA}.Debug|x86.Build.0 = Debug|Any CPU
		{7ACC3056-3C5C-4D65-B74F-D196F643D5CA}.Release|Any CPU.ActiveCfg = Release|Any CPU
		{7ACC3056-3C5C-4D65-B74F-D196F643D5CA}.Release|Any CPU.Build.0 = Release|Any CPU
		{7ACC3056-3C5C-4D65-B74F-D196F643D5CA}.Release|x64.ActiveCfg = Release|Any CPU
		{7ACC3056-3C5C-4D65-B74F-D196F643D5CA}.Release|x64.Build.0 = Release|Any CPU
		{7ACC3056-3C5C-4D65-B74F-D196F643D5CA}.Release|x86.ActiveCfg = Release|Any CPU
		{7ACC3056-3C5C-4D65-B74F-D196F643D5CA}.Release|x86.Build.0 = Release|Any CPU
		{FE9BF025-F464-47F4-BDF4-1B0865895686}.Debug|Any CPU.ActiveCfg = Debug|Any CPU
		{FE9BF025-F464-47F4-BDF4-1B0865895686}.Debug|Any CPU.Build.0 = Debug|Any CPU
		{FE9BF025-F464-47F4-BDF4-1B0865895686}.Debug|x64.ActiveCfg = Debug|Any CPU
		{FE9BF025-F464-47F4-BDF4-1B0865895686}.Debug|x64.Build.0 = Debug|Any CPU
		{FE9BF025-F464-47F4-BDF4-1B0865895686}.Debug|x86.ActiveCfg = Debug|Any CPU
		{FE9BF025-F464-47F4-BDF4-1B0865895686}.Debug|x86.Build.0 = Debug|Any CPU
		{FE9BF025-F464-47F4-BDF4-1B0865895686}.Release|Any CPU.ActiveCfg = Release|Any CPU
		{FE9BF025-F464-47F4-BDF4-1B0865895686}.Release|Any CPU.Build.0 = Release|Any CPU
		{FE9BF025-F464-47F4-BDF4-1B0865895686}.Release|x64.ActiveCfg = Release|Any CPU
		{FE9BF025-F464-47F4-BDF4-1B0865895686}.Release|x64.Build.0 = Release|Any CPU
		{FE9BF025-F464-47F4-BDF4-1B0865895686}.Release|x86.ActiveCfg = Release|Any CPU
		{FE9BF025-F464-47F4-BDF4-1B0865895686}.Release|x86.Build.0 = Release|Any CPU
		{FEF85FFB-E756-4D25-8A04-6960FF1A2A24}.Debug|Any CPU.ActiveCfg = Debug|Any CPU
		{FEF85FFB-E756-4D25-8A04-6960FF1A2A24}.Debug|Any CPU.Build.0 = Debug|Any CPU
		{FEF85FFB-E756-4D25-8A04-6960FF1A2A24}.Debug|x64.ActiveCfg = Debug|Any CPU
		{FEF85FFB-E756-4D25-8A04-6960FF1A2A24}.Debug|x64.Build.0 = Debug|Any CPU
		{FEF85FFB-E756-4D25-8A04-6960FF1A2A24}.Debug|x86.ActiveCfg = Debug|Any CPU
		{FEF85FFB-E756-4D25-8A04-6960FF1A2A24}.Debug|x86.Build.0 = Debug|Any CPU
		{FEF85FFB-E756-4D25-8A04-6960FF1A2A24}.Release|Any CPU.ActiveCfg = Release|Any CPU
		{FEF85FFB-E756-4D25-8A04-6960FF1A2A24}.Release|Any CPU.Build.0 = Release|Any CPU
		{FEF85FFB-E756-4D25-8A04-6960FF1A2A24}.Release|x64.ActiveCfg = Release|Any CPU
		{FEF85FFB-E756-4D25-8A04-6960FF1A2A24}.Release|x64.Build.0 = Release|Any CPU
		{FEF85FFB-E756-4D25-8A04-6960FF1A2A24}.Release|x86.ActiveCfg = Release|Any CPU
		{FEF85FFB-E756-4D25-8A04-6960FF1A2A24}.Release|x86.Build.0 = Release|Any CPU
		{AB04D8CE-C013-4E2D-A713-26239206DEA4}.Debug|Any CPU.ActiveCfg = Debug|Any CPU
		{AB04D8CE-C013-4E2D-A713-26239206DEA4}.Debug|Any CPU.Build.0 = Debug|Any CPU
		{AB04D8CE-C013-4E2D-A713-26239206DEA4}.Debug|x64.ActiveCfg = Debug|Any CPU
		{AB04D8CE-C013-4E2D-A713-26239206DEA4}.Debug|x64.Build.0 = Debug|Any CPU
		{AB04D8CE-C013-4E2D-A713-26239206DEA4}.Debug|x86.ActiveCfg = Debug|Any CPU
		{AB04D8CE-C013-4E2D-A713-26239206DEA4}.Debug|x86.Build.0 = Debug|Any CPU
		{AB04D8CE-C013-4E2D-A713-26239206DEA4}.Release|Any CPU.ActiveCfg = Release|Any CPU
		{AB04D8CE-C013-4E2D-A713-26239206DEA4}.Release|Any CPU.Build.0 = Release|Any CPU
		{AB04D8CE-C013-4E2D-A713-26239206DEA4}.Release|x64.ActiveCfg = Release|Any CPU
		{AB04D8CE-C013-4E2D-A713-26239206DEA4}.Release|x64.Build.0 = Release|Any CPU
		{AB04D8CE-C013-4E2D-A713-26239206DEA4}.Release|x86.ActiveCfg = Release|Any CPU
		{AB04D8CE-C013-4E2D-A713-26239206DEA4}.Release|x86.Build.0 = Release|Any CPU
		{BDCFBFBA-61D5-4818-A313-0BFC099C7F44}.Debug|Any CPU.ActiveCfg = Debug|Any CPU
		{BDCFBFBA-61D5-4818-A313-0BFC099C7F44}.Debug|Any CPU.Build.0 = Debug|Any CPU
		{BDCFBFBA-61D5-4818-A313-0BFC099C7F44}.Debug|x64.ActiveCfg = Debug|Any CPU
		{BDCFBFBA-61D5-4818-A313-0BFC099C7F44}.Debug|x64.Build.0 = Debug|Any CPU
		{BDCFBFBA-61D5-4818-A313-0BFC099C7F44}.Debug|x86.ActiveCfg = Debug|Any CPU
		{BDCFBFBA-61D5-4818-A313-0BFC099C7F44}.Debug|x86.Build.0 = Debug|Any CPU
		{BDCFBFBA-61D5-4818-A313-0BFC099C7F44}.Release|Any CPU.ActiveCfg = Release|Any CPU
		{BDCFBFBA-61D5-4818-A313-0BFC099C7F44}.Release|Any CPU.Build.0 = Release|Any CPU
		{BDCFBFBA-61D5-4818-A313-0BFC099C7F44}.Release|x64.ActiveCfg = Release|Any CPU
		{BDCFBFBA-61D5-4818-A313-0BFC099C7F44}.Release|x64.Build.0 = Release|Any CPU
		{BDCFBFBA-61D5-4818-A313-0BFC099C7F44}.Release|x86.ActiveCfg = Release|Any CPU
		{BDCFBFBA-61D5-4818-A313-0BFC099C7F44}.Release|x86.Build.0 = Release|Any CPU
		{9E88CC82-4AAF-490B-8448-2D547117A7FC}.Debug|Any CPU.ActiveCfg = Debug|Any CPU
		{9E88CC82-4AAF-490B-8448-2D547117A7FC}.Debug|Any CPU.Build.0 = Debug|Any CPU
		{9E88CC82-4AAF-490B-8448-2D547117A7FC}.Debug|x64.ActiveCfg = Debug|Any CPU
		{9E88CC82-4AAF-490B-8448-2D547117A7FC}.Debug|x64.Build.0 = Debug|Any CPU
		{9E88CC82-4AAF-490B-8448-2D547117A7FC}.Debug|x86.ActiveCfg = Debug|Any CPU
		{9E88CC82-4AAF-490B-8448-2D547117A7FC}.Debug|x86.Build.0 = Debug|Any CPU
		{9E88CC82-4AAF-490B-8448-2D547117A7FC}.Release|Any CPU.ActiveCfg = Release|Any CPU
		{9E88CC82-4AAF-490B-8448-2D547117A7FC}.Release|Any CPU.Build.0 = Release|Any CPU
		{9E88CC82-4AAF-490B-8448-2D547117A7FC}.Release|x64.ActiveCfg = Release|Any CPU
		{9E88CC82-4AAF-490B-8448-2D547117A7FC}.Release|x64.Build.0 = Release|Any CPU
		{9E88CC82-4AAF-490B-8448-2D547117A7FC}.Release|x86.ActiveCfg = Release|Any CPU
		{9E88CC82-4AAF-490B-8448-2D547117A7FC}.Release|x86.Build.0 = Release|Any CPU
		{086654AC-6B13-4D81-90A3-047BBB70ACE0}.Debug|Any CPU.ActiveCfg = Debug|Any CPU
		{086654AC-6B13-4D81-90A3-047BBB70ACE0}.Debug|Any CPU.Build.0 = Debug|Any CPU
		{086654AC-6B13-4D81-90A3-047BBB70ACE0}.Debug|x64.ActiveCfg = Debug|Any CPU
		{086654AC-6B13-4D81-90A3-047BBB70ACE0}.Debug|x64.Build.0 = Debug|Any CPU
		{086654AC-6B13-4D81-90A3-047BBB70ACE0}.Debug|x86.ActiveCfg = Debug|Any CPU
		{086654AC-6B13-4D81-90A3-047BBB70ACE0}.Debug|x86.Build.0 = Debug|Any CPU
		{086654AC-6B13-4D81-90A3-047BBB70ACE0}.Release|Any CPU.ActiveCfg = Release|Any CPU
		{086654AC-6B13-4D81-90A3-047BBB70ACE0}.Release|Any CPU.Build.0 = Release|Any CPU
		{086654AC-6B13-4D81-90A3-047BBB70ACE0}.Release|x64.ActiveCfg = Release|Any CPU
		{086654AC-6B13-4D81-90A3-047BBB70ACE0}.Release|x64.Build.0 = Release|Any CPU
		{086654AC-6B13-4D81-90A3-047BBB70ACE0}.Release|x86.ActiveCfg = Release|Any CPU
		{086654AC-6B13-4D81-90A3-047BBB70ACE0}.Release|x86.Build.0 = Release|Any CPU
		{9686650C-FD7E-4EBF-8B95-A4CF4417C31F}.Debug|Any CPU.ActiveCfg = Debug|Any CPU
		{9686650C-FD7E-4EBF-8B95-A4CF4417C31F}.Debug|Any CPU.Build.0 = Debug|Any CPU
		{9686650C-FD7E-4EBF-8B95-A4CF4417C31F}.Debug|x64.ActiveCfg = Debug|Any CPU
		{9686650C-FD7E-4EBF-8B95-A4CF4417C31F}.Debug|x64.Build.0 = Debug|Any CPU
		{9686650C-FD7E-4EBF-8B95-A4CF4417C31F}.Debug|x86.ActiveCfg = Debug|Any CPU
		{9686650C-FD7E-4EBF-8B95-A4CF4417C31F}.Debug|x86.Build.0 = Debug|Any CPU
		{9686650C-FD7E-4EBF-8B95-A4CF4417C31F}.Release|Any CPU.ActiveCfg = Release|Any CPU
		{9686650C-FD7E-4EBF-8B95-A4CF4417C31F}.Release|Any CPU.Build.0 = Release|Any CPU
		{9686650C-FD7E-4EBF-8B95-A4CF4417C31F}.Release|x64.ActiveCfg = Release|Any CPU
		{9686650C-FD7E-4EBF-8B95-A4CF4417C31F}.Release|x64.Build.0 = Release|Any CPU
		{9686650C-FD7E-4EBF-8B95-A4CF4417C31F}.Release|x86.ActiveCfg = Release|Any CPU
		{9686650C-FD7E-4EBF-8B95-A4CF4417C31F}.Release|x86.Build.0 = Release|Any CPU
		{3664B44D-968B-4274-99AC-3DD0C4B5C9EE}.Debug|Any CPU.ActiveCfg = Debug|Any CPU
		{3664B44D-968B-4274-99AC-3DD0C4B5C9EE}.Debug|Any CPU.Build.0 = Debug|Any CPU
		{3664B44D-968B-4274-99AC-3DD0C4B5C9EE}.Debug|x64.ActiveCfg = Debug|Any CPU
		{3664B44D-968B-4274-99AC-3DD0C4B5C9EE}.Debug|x64.Build.0 = Debug|Any CPU
		{3664B44D-968B-4274-99AC-3DD0C4B5C9EE}.Debug|x86.ActiveCfg = Debug|Any CPU
		{3664B44D-968B-4274-99AC-3DD0C4B5C9EE}.Debug|x86.Build.0 = Debug|Any CPU
		{3664B44D-968B-4274-99AC-3DD0C4B5C9EE}.Release|Any CPU.ActiveCfg = Release|Any CPU
		{3664B44D-968B-4274-99AC-3DD0C4B5C9EE}.Release|Any CPU.Build.0 = Release|Any CPU
		{3664B44D-968B-4274-99AC-3DD0C4B5C9EE}.Release|x64.ActiveCfg = Release|Any CPU
		{3664B44D-968B-4274-99AC-3DD0C4B5C9EE}.Release|x64.Build.0 = Release|Any CPU
		{3664B44D-968B-4274-99AC-3DD0C4B5C9EE}.Release|x86.ActiveCfg = Release|Any CPU
		{3664B44D-968B-4274-99AC-3DD0C4B5C9EE}.Release|x86.Build.0 = Release|Any CPU
		{4BFDC470-3D8B-4167-8B00-15B9CE34C818}.Debug|Any CPU.ActiveCfg = Debug|Any CPU
		{4BFDC470-3D8B-4167-8B00-15B9CE34C818}.Debug|Any CPU.Build.0 = Debug|Any CPU
		{4BFDC470-3D8B-4167-8B00-15B9CE34C818}.Debug|x64.ActiveCfg = Debug|Any CPU
		{4BFDC470-3D8B-4167-8B00-15B9CE34C818}.Debug|x64.Build.0 = Debug|Any CPU
		{4BFDC470-3D8B-4167-8B00-15B9CE34C818}.Debug|x86.ActiveCfg = Debug|Any CPU
		{4BFDC470-3D8B-4167-8B00-15B9CE34C818}.Debug|x86.Build.0 = Debug|Any CPU
		{4BFDC470-3D8B-4167-8B00-15B9CE34C818}.Release|Any CPU.ActiveCfg = Release|Any CPU
		{4BFDC470-3D8B-4167-8B00-15B9CE34C818}.Release|Any CPU.Build.0 = Release|Any CPU
		{4BFDC470-3D8B-4167-8B00-15B9CE34C818}.Release|x64.ActiveCfg = Release|Any CPU
		{4BFDC470-3D8B-4167-8B00-15B9CE34C818}.Release|x64.Build.0 = Release|Any CPU
		{4BFDC470-3D8B-4167-8B00-15B9CE34C818}.Release|x86.ActiveCfg = Release|Any CPU
		{4BFDC470-3D8B-4167-8B00-15B9CE34C818}.Release|x86.Build.0 = Release|Any CPU
		{B5188153-E4D7-4C1B-BCDF-64A7C9DE6BBC}.Debug|Any CPU.ActiveCfg = Debug|Any CPU
		{B5188153-E4D7-4C1B-BCDF-64A7C9DE6BBC}.Debug|Any CPU.Build.0 = Debug|Any CPU
		{B5188153-E4D7-4C1B-BCDF-64A7C9DE6BBC}.Debug|x64.ActiveCfg = Debug|Any CPU
		{B5188153-E4D7-4C1B-BCDF-64A7C9DE6BBC}.Debug|x64.Build.0 = Debug|Any CPU
		{B5188153-E4D7-4C1B-BCDF-64A7C9DE6BBC}.Debug|x86.ActiveCfg = Debug|Any CPU
		{B5188153-E4D7-4C1B-BCDF-64A7C9DE6BBC}.Debug|x86.Build.0 = Debug|Any CPU
		{B5188153-E4D7-4C1B-BCDF-64A7C9DE6BBC}.Release|Any CPU.ActiveCfg = Release|Any CPU
		{B5188153-E4D7-4C1B-BCDF-64A7C9DE6BBC}.Release|Any CPU.Build.0 = Release|Any CPU
		{B5188153-E4D7-4C1B-BCDF-64A7C9DE6BBC}.Release|x64.ActiveCfg = Release|Any CPU
		{B5188153-E4D7-4C1B-BCDF-64A7C9DE6BBC}.Release|x64.Build.0 = Release|Any CPU
		{B5188153-E4D7-4C1B-BCDF-64A7C9DE6BBC}.Release|x86.ActiveCfg = Release|Any CPU
		{B5188153-E4D7-4C1B-BCDF-64A7C9DE6BBC}.Release|x86.Build.0 = Release|Any CPU
		{D8DF04FE-0AD6-415E-B187-51161EE94C22}.Debug|Any CPU.ActiveCfg = Debug|Any CPU
		{D8DF04FE-0AD6-415E-B187-51161EE94C22}.Debug|Any CPU.Build.0 = Debug|Any CPU
		{D8DF04FE-0AD6-415E-B187-51161EE94C22}.Debug|x64.ActiveCfg = Debug|Any CPU
		{D8DF04FE-0AD6-415E-B187-51161EE94C22}.Debug|x64.Build.0 = Debug|Any CPU
		{D8DF04FE-0AD6-415E-B187-51161EE94C22}.Debug|x86.ActiveCfg = Debug|Any CPU
		{D8DF04FE-0AD6-415E-B187-51161EE94C22}.Debug|x86.Build.0 = Debug|Any CPU
		{D8DF04FE-0AD6-415E-B187-51161EE94C22}.Release|Any CPU.ActiveCfg = Release|Any CPU
		{D8DF04FE-0AD6-415E-B187-51161EE94C22}.Release|Any CPU.Build.0 = Release|Any CPU
		{D8DF04FE-0AD6-415E-B187-51161EE94C22}.Release|x64.ActiveCfg = Release|Any CPU
		{D8DF04FE-0AD6-415E-B187-51161EE94C22}.Release|x64.Build.0 = Release|Any CPU
		{D8DF04FE-0AD6-415E-B187-51161EE94C22}.Release|x86.ActiveCfg = Release|Any CPU
		{D8DF04FE-0AD6-415E-B187-51161EE94C22}.Release|x86.Build.0 = Release|Any CPU
		{6DA459FD-E730-4B98-965C-E580B8A15FC0}.Debug|Any CPU.ActiveCfg = Debug|Any CPU
		{6DA459FD-E730-4B98-965C-E580B8A15FC0}.Debug|Any CPU.Build.0 = Debug|Any CPU
		{6DA459FD-E730-4B98-965C-E580B8A15FC0}.Debug|x64.ActiveCfg = Debug|Any CPU
		{6DA459FD-E730-4B98-965C-E580B8A15FC0}.Debug|x64.Build.0 = Debug|Any CPU
		{6DA459FD-E730-4B98-965C-E580B8A15FC0}.Debug|x86.ActiveCfg = Debug|Any CPU
		{6DA459FD-E730-4B98-965C-E580B8A15FC0}.Debug|x86.Build.0 = Debug|Any CPU
		{6DA459FD-E730-4B98-965C-E580B8A15FC0}.Release|Any CPU.ActiveCfg = Release|Any CPU
		{6DA459FD-E730-4B98-965C-E580B8A15FC0}.Release|Any CPU.Build.0 = Release|Any CPU
		{6DA459FD-E730-4B98-965C-E580B8A15FC0}.Release|x64.ActiveCfg = Release|Any CPU
		{6DA459FD-E730-4B98-965C-E580B8A15FC0}.Release|x64.Build.0 = Release|Any CPU
		{6DA459FD-E730-4B98-965C-E580B8A15FC0}.Release|x86.ActiveCfg = Release|Any CPU
		{6DA459FD-E730-4B98-965C-E580B8A15FC0}.Release|x86.Build.0 = Release|Any CPU
		{5C26B462-46CF-831A-F280-9CCB5A0EA846}.Debug|Any CPU.ActiveCfg = Debug|Any CPU
		{5C26B462-46CF-831A-F280-9CCB5A0EA846}.Debug|Any CPU.Build.0 = Debug|Any CPU
		{5C26B462-46CF-831A-F280-9CCB5A0EA846}.Debug|x64.ActiveCfg = Debug|Any CPU
		{5C26B462-46CF-831A-F280-9CCB5A0EA846}.Debug|x64.Build.0 = Debug|Any CPU
		{5C26B462-46CF-831A-F280-9CCB5A0EA846}.Debug|x86.ActiveCfg = Debug|Any CPU
		{5C26B462-46CF-831A-F280-9CCB5A0EA846}.Debug|x86.Build.0 = Debug|Any CPU
		{5C26B462-46CF-831A-F280-9CCB5A0EA846}.Release|Any CPU.ActiveCfg = Release|Any CPU
		{5C26B462-46CF-831A-F280-9CCB5A0EA846}.Release|Any CPU.Build.0 = Release|Any CPU
		{5C26B462-46CF-831A-F280-9CCB5A0EA846}.Release|x64.ActiveCfg = Release|Any CPU
		{5C26B462-46CF-831A-F280-9CCB5A0EA846}.Release|x64.Build.0 = Release|Any CPU
		{5C26B462-46CF-831A-F280-9CCB5A0EA846}.Release|x86.ActiveCfg = Release|Any CPU
		{5C26B462-46CF-831A-F280-9CCB5A0EA846}.Release|x86.Build.0 = Release|Any CPU
		{1D53B857-C1EE-2067-D717-8A411218E5C0}.Debug|Any CPU.ActiveCfg = Debug|Any CPU
		{1D53B857-C1EE-2067-D717-8A411218E5C0}.Debug|Any CPU.Build.0 = Debug|Any CPU
		{1D53B857-C1EE-2067-D717-8A411218E5C0}.Debug|x64.ActiveCfg = Debug|Any CPU
		{1D53B857-C1EE-2067-D717-8A411218E5C0}.Debug|x64.Build.0 = Debug|Any CPU
		{1D53B857-C1EE-2067-D717-8A411218E5C0}.Debug|x86.ActiveCfg = Debug|Any CPU
		{1D53B857-C1EE-2067-D717-8A411218E5C0}.Debug|x86.Build.0 = Debug|Any CPU
		{1D53B857-C1EE-2067-D717-8A411218E5C0}.Release|Any CPU.ActiveCfg = Release|Any CPU
		{1D53B857-C1EE-2067-D717-8A411218E5C0}.Release|Any CPU.Build.0 = Release|Any CPU
		{1D53B857-C1EE-2067-D717-8A411218E5C0}.Release|x64.ActiveCfg = Release|Any CPU
		{1D53B857-C1EE-2067-D717-8A411218E5C0}.Release|x64.Build.0 = Release|Any CPU
		{1D53B857-C1EE-2067-D717-8A411218E5C0}.Release|x86.ActiveCfg = Release|Any CPU
		{1D53B857-C1EE-2067-D717-8A411218E5C0}.Release|x86.Build.0 = Release|Any CPU
		{25E24483-B5F7-35F1-CF96-A7D30E1FA365}.Debug|Any CPU.ActiveCfg = Debug|Any CPU
		{25E24483-B5F7-35F1-CF96-A7D30E1FA365}.Debug|Any CPU.Build.0 = Debug|Any CPU
		{25E24483-B5F7-35F1-CF96-A7D30E1FA365}.Debug|x64.ActiveCfg = Debug|Any CPU
		{25E24483-B5F7-35F1-CF96-A7D30E1FA365}.Debug|x64.Build.0 = Debug|Any CPU
		{25E24483-B5F7-35F1-CF96-A7D30E1FA365}.Debug|x86.ActiveCfg = Debug|Any CPU
		{25E24483-B5F7-35F1-CF96-A7D30E1FA365}.Debug|x86.Build.0 = Debug|Any CPU
		{25E24483-B5F7-35F1-CF96-A7D30E1FA365}.Release|Any CPU.ActiveCfg = Release|Any CPU
		{25E24483-B5F7-35F1-CF96-A7D30E1FA365}.Release|Any CPU.Build.0 = Release|Any CPU
		{25E24483-B5F7-35F1-CF96-A7D30E1FA365}.Release|x64.ActiveCfg = Release|Any CPU
		{25E24483-B5F7-35F1-CF96-A7D30E1FA365}.Release|x64.Build.0 = Release|Any CPU
		{25E24483-B5F7-35F1-CF96-A7D30E1FA365}.Release|x86.ActiveCfg = Release|Any CPU
		{25E24483-B5F7-35F1-CF96-A7D30E1FA365}.Release|x86.Build.0 = Release|Any CPU
	EndGlobalSection
	GlobalSection(SolutionProperties) = preSolution
		HideSolutionNode = FALSE
	EndGlobalSection
	GlobalSection(NestedProjects) = preSolution
		{7ACC3056-3C5C-4D65-B74F-D196F643D5CA} = {E92A1704-5DBE-4175-8672-DC89ED1FB2CD}
		{FE9BF025-F464-47F4-BDF4-1B0865895686} = {E92A1704-5DBE-4175-8672-DC89ED1FB2CD}
		{FEF85FFB-E756-4D25-8A04-6960FF1A2A24} = {E92A1704-5DBE-4175-8672-DC89ED1FB2CD}
		{AB04D8CE-C013-4E2D-A713-26239206DEA4} = {287C2618-B4B9-4F3E-9ACA-CE6C84025C91}
		{BDCFBFBA-61D5-4818-A313-0BFC099C7F44} = {287C2618-B4B9-4F3E-9ACA-CE6C84025C91}
		{9E88CC82-4AAF-490B-8448-2D547117A7FC} = {287C2618-B4B9-4F3E-9ACA-CE6C84025C91}
		{086654AC-6B13-4D81-90A3-047BBB70ACE0} = {02EA681E-C7D8-13C7-8484-4AC65E1B71E8}
		{9686650C-FD7E-4EBF-8B95-A4CF4417C31F} = {02EA681E-C7D8-13C7-8484-4AC65E1B71E8}
		{3664B44D-968B-4274-99AC-3DD0C4B5C9EE} = {02EA681E-C7D8-13C7-8484-4AC65E1B71E8}
		{4BFDC470-3D8B-4167-8B00-15B9CE34C818} = {827E0CD3-B72D-47B6-A68D-7590B98EB39B}
		{B5188153-E4D7-4C1B-BCDF-64A7C9DE6BBC} = {0AB3BF05-4346-4AA6-1389-037BE0695223}
		{D8DF04FE-0AD6-415E-B187-51161EE94C22} = {0AB3BF05-4346-4AA6-1389-037BE0695223}
		{6DA459FD-E730-4B98-965C-E580B8A15FC0} = {0AB3BF05-4346-4AA6-1389-037BE0695223}
		{02EA681E-C7D8-13C7-8484-4AC65E1B71E8} = {827E0CD3-B72D-47B6-A68D-7590B98EB39B}
		{287C2618-B4B9-4F3E-9ACA-CE6C84025C91} = {827E0CD3-B72D-47B6-A68D-7590B98EB39B}
		{E92A1704-5DBE-4175-8672-DC89ED1FB2CD} = {827E0CD3-B72D-47B6-A68D-7590B98EB39B}
		{5C26B462-46CF-831A-F280-9CCB5A0EA846} = {BF1A6912-9E11-411E-AEF7-2A5519F7D0E3}
		{1D53B857-C1EE-2067-D717-8A411218E5C0} = {287C2618-B4B9-4F3E-9ACA-CE6C84025C91}
		{BF1A6912-9E11-411E-AEF7-2A5519F7D0E3} = {827E0CD3-B72D-47B6-A68D-7590B98EB39B}
		{25E24483-B5F7-35F1-CF96-A7D30E1FA365} = {0AB3BF05-4346-4AA6-1389-037BE0695223}
	EndGlobalSection
	GlobalSection(ExtensibilityGlobals) = postSolution
		SolutionGuid = {EECDAE67-043D-418C-B31D-ACBD09EFE5DF}
	EndGlobalSection
EndGlobal
