
Microsoft Visual Studio Solution File, Format Version 12.00
# Visual Studio Version 17
VisualStudioVersion = 17.0.31903.59
MinimumVisualStudioVersion = 10.0.40219.1
Project("{2150E333-8FDC-42A3-9474-1A3956D46DE8}") = "src", "src", "{827E0CD3-B72D-47B6-A68D-7590B98EB39B}"
EndProject
Project("{FAE04EC0-301F-11D3-BF4B-00C04F79EFBC}") = "RentAutoApp.Web", "src\RentAutoApp.Web\RentAutoApp.Web.csproj", "{DEF80C1A-8A39-40B3-94A0-51781D0AD692}"
EndProject
Project("{FAE04EC0-301F-11D3-BF4B-00C04F79EFBC}") = "RentAutoApp.Web.ViewModels", "src\RentAutoApp.Web\RentAutoApp.Web.ViewModels\RentAutoApp.Web.ViewModels.csproj", "{8D8AEDBE-8460-4F7A-871E-29FBDC8B3759}"
EndProject
Project("{FAE04EC0-301F-11D3-BF4B-00C04F79EFBC}") = "RentAutoApp.Web.Infrastructure", "src\RentAutoApp.Web\RentAutoApp.Web.Infrastructure\RentAutoApp.Web.Infrastructure.csproj", "{198659F0-D2D5-4612-BC89-C28ED8CF1DFD}"
EndProject
Project("{FAE04EC0-301F-11D3-BF4B-00C04F79EFBC}") = "RentAutoApp.Services.Core", "src\RentAutoApp.Services.Core\RentAutoApp.Services.Core.csproj", "{58B58F74-203E-4F0D-A250-C3D156548120}"
EndProject
Project("{FAE04EC0-301F-11D3-BF4B-00C04F79EFBC}") = "RentAutoApp.Services.AutoMapping", "src\RentAutoApp.Services.Core\RentAutoApp.Services.AutoMapping\RentAutoApp.Services.AutoMapping.csproj", "{0C402249-92E3-4E19-A517-A50DA4614790}"
EndProject
Project("{FAE04EC0-301F-11D3-BF4B-00C04F79EFBC}") = "RentAutoApp.Services.Common", "src\RentAutoApp.Services.Core\RentAutoApp.Services.Common\RentAutoApp.Services.Common.csproj", "{6F34D48A-3FDC-46B1-8B11-1F9016F1B213}"
EndProject
Project("{FAE04EC0-301F-11D3-BF4B-00C04F79EFBC}") = "RentAutoApp.Data", "src\RentAutoApp.Data\RentAutoApp.Data.csproj", "{8EF18B59-FE62-436A-9DC2-D0CCA21FA183}"
EndProject
Project("{FAE04EC0-301F-11D3-BF4B-00C04F79EFBC}") = "RentAutoApp.Data.Models", "src\RentAutoApp.Data\RentAutoApp.Data.Models\RentAutoApp.Data.Models.csproj", "{51FC1D6D-E3BE-4745-AD8E-F06CD65CCB0C}"
EndProject
Project("{FAE04EC0-301F-11D3-BF4B-00C04F79EFBC}") = "RentAutoApp.Data.Common", "src\RentAutoApp.Data\RentAutoApp.Data.Common\RentAutoApp.Data.Common.csproj", "{A95AD808-52FC-497B-A8B5-7EE962673322}"
EndProject
Project("{FAE04EC0-301F-11D3-BF4B-00C04F79EFBC}") = "RentAutoApp.GCommon", "src\RentAutoApp.GCommon\RentAutoApp.GCommon.csproj", "{BE594099-5D48-49AE-B944-E934CF1DCB53}"
EndProject
Project("{2150E333-8FDC-42A3-9474-1A3956D46DE8}") = "tests", "tests", "{0AB3BF05-4346-4AA6-1389-037BE0695223}"
EndProject
Project("{FAE04EC0-301F-11D3-BF4B-00C04F79EFBC}") = "RentAutoApp.Web.Tests", "tests\RentAutoApp.Web.Tests\RentAutoApp.Web.Tests.csproj", "{41EE28FA-1C14-46B0-92BD-CFD879DB969B}"
EndProject
Project("{FAE04EC0-301F-11D3-BF4B-00C04F79EFBC}") = "RentAutoApp.Services.Core.Tests", "tests\RentAutoApp.Services.Core.Tests\RentAutoApp.Services.Core.Tests.csproj", "{6056E781-E648-412C-B4F4-78383829AB74}"
EndProject
Project("{FAE04EC0-301F-11D3-BF4B-00C04F79EFBC}") = "RentAutoApp.IntegrationTests", "tests\RentAutoApp.IntegrationTests\RentAutoApp.IntegrationTests.csproj", "{55903647-518B-41D4-8EA5-0C7C7308358D}"
EndProject
Project("{2150E333-8FDC-42A3-9474-1A3956D46DE8}") = "Web", "Web", "{02EA681E-C7D8-13C7-8484-4AC65E1B71E8}"
EndProject
Project("{2150E333-8FDC-42A3-9474-1A3956D46DE8}") = "Data", "Data", "{45124F90-A670-4EA1-96BF-388F5D1BA2C1}"
EndProject
Project("{2150E333-8FDC-42A3-9474-1A3956D46DE8}") = "Services", "Services", "{19B59BA0-D074-4CAB-890D-A016B390411E}"
EndProject
Global
	GlobalSection(SolutionConfigurationPlatforms) = preSolution
		Debug|Any CPU = Debug|Any CPU
		Debug|x64 = Debug|x64
		Debug|x86 = Debug|x86
		Release|Any CPU = Release|Any CPU
		Release|x64 = Release|x64
		Release|x86 = Release|x86
	EndGlobalSection
	GlobalSection(ProjectConfigurationPlatforms) = postSolution
		{DEF80C1A-8A39-40B3-94A0-51781D0AD692}.Debug|Any CPU.ActiveCfg = Debug|Any CPU
		{DEF80C1A-8A39-40B3-94A0-51781D0AD692}.Debug|Any CPU.Build.0 = Debug|Any CPU
		{DEF80C1A-8A39-40B3-94A0-51781D0AD692}.Debug|x64.ActiveCfg = Debug|Any CPU
		{DEF80C1A-8A39-40B3-94A0-51781D0AD692}.Debug|x64.Build.0 = Debug|Any CPU
		{DEF80C1A-8A39-40B3-94A0-51781D0AD692}.Debug|x86.ActiveCfg = Debug|Any CPU
		{DEF80C1A-8A39-40B3-94A0-51781D0AD692}.Debug|x86.Build.0 = Debug|Any CPU
		{DEF80C1A-8A39-40B3-94A0-51781D0AD692}.Release|Any CPU.ActiveCfg = Release|Any CPU
		{DEF80C1A-8A39-40B3-94A0-51781D0AD692}.Release|Any CPU.Build.0 = Release|Any CPU
		{DEF80C1A-8A39-40B3-94A0-51781D0AD692}.Release|x64.ActiveCfg = Release|Any CPU
		{DEF80C1A-8A39-40B3-94A0-51781D0AD692}.Release|x64.Build.0 = Release|Any CPU
		{DEF80C1A-8A39-40B3-94A0-51781D0AD692}.Release|x86.ActiveCfg = Release|Any CPU
		{DEF80C1A-8A39-40B3-94A0-51781D0AD692}.Release|x86.Build.0 = Release|Any CPU
		{8D8AEDBE-8460-4F7A-871E-29FBDC8B3759}.Debug|Any CPU.ActiveCfg = Debug|Any CPU
		{8D8AEDBE-8460-4F7A-871E-29FBDC8B3759}.Debug|Any CPU.Build.0 = Debug|Any CPU
		{8D8AEDBE-8460-4F7A-871E-29FBDC8B3759}.Debug|x64.ActiveCfg = Debug|Any CPU
		{8D8AEDBE-8460-4F7A-871E-29FBDC8B3759}.Debug|x64.Build.0 = Debug|Any CPU
		{8D8AEDBE-8460-4F7A-871E-29FBDC8B3759}.Debug|x86.ActiveCfg = Debug|Any CPU
		{8D8AEDBE-8460-4F7A-871E-29FBDC8B3759}.Debug|x86.Build.0 = Debug|Any CPU
		{8D8AEDBE-8460-4F7A-871E-29FBDC8B3759}.Release|Any CPU.ActiveCfg = Release|Any CPU
		{8D8AEDBE-8460-4F7A-871E-29FBDC8B3759}.Release|Any CPU.Build.0 = Release|Any CPU
		{8D8AEDBE-8460-4F7A-871E-29FBDC8B3759}.Release|x64.ActiveCfg = Release|Any CPU
		{8D8AEDBE-8460-4F7A-871E-29FBDC8B3759}.Release|x64.Build.0 = Release|Any CPU
		{8D8AEDBE-8460-4F7A-871E-29FBDC8B3759}.Release|x86.ActiveCfg = Release|Any CPU
		{8D8AEDBE-8460-4F7A-871E-29FBDC8B3759}.Release|x86.Build.0 = Release|Any CPU
		{198659F0-D2D5-4612-BC89-C28ED8CF1DFD}.Debug|Any CPU.ActiveCfg = Debug|Any CPU
		{198659F0-D2D5-4612-BC89-C28ED8CF1DFD}.Debug|Any CPU.Build.0 = Debug|Any CPU
		{198659F0-D2D5-4612-BC89-C28ED8CF1DFD}.Debug|x64.ActiveCfg = Debug|Any CPU
		{198659F0-D2D5-4612-BC89-C28ED8CF1DFD}.Debug|x64.Build.0 = Debug|Any CPU
		{198659F0-D2D5-4612-BC89-C28ED8CF1DFD}.Debug|x86.ActiveCfg = Debug|Any CPU
		{198659F0-D2D5-4612-BC89-C28ED8CF1DFD}.Debug|x86.Build.0 = Debug|Any CPU
		{198659F0-D2D5-4612-BC89-C28ED8CF1DFD}.Release|Any CPU.ActiveCfg = Release|Any CPU
		{198659F0-D2D5-4612-BC89-C28ED8CF1DFD}.Release|Any CPU.Build.0 = Release|Any CPU
		{198659F0-D2D5-4612-BC89-C28ED8CF1DFD}.Release|x64.ActiveCfg = Release|Any CPU
		{198659F0-D2D5-4612-BC89-C28ED8CF1DFD}.Release|x64.Build.0 = Release|Any CPU
		{198659F0-D2D5-4612-BC89-C28ED8CF1DFD}.Release|x86.ActiveCfg = Release|Any CPU
		{198659F0-D2D5-4612-BC89-C28ED8CF1DFD}.Release|x86.Build.0 = Release|Any CPU
		{58B58F74-203E-4F0D-A250-C3D156548120}.Debug|Any CPU.ActiveCfg = Debug|Any CPU
		{58B58F74-203E-4F0D-A250-C3D156548120}.Debug|Any CPU.Build.0 = Debug|Any CPU
		{58B58F74-203E-4F0D-A250-C3D156548120}.Debug|x64.ActiveCfg = Debug|Any CPU
		{58B58F74-203E-4F0D-A250-C3D156548120}.Debug|x64.Build.0 = Debug|Any CPU
		{58B58F74-203E-4F0D-A250-C3D156548120}.Debug|x86.ActiveCfg = Debug|Any CPU
		{58B58F74-203E-4F0D-A250-C3D156548120}.Debug|x86.Build.0 = Debug|Any CPU
		{58B58F74-203E-4F0D-A250-C3D156548120}.Release|Any CPU.ActiveCfg = Release|Any CPU
		{58B58F74-203E-4F0D-A250-C3D156548120}.Release|Any CPU.Build.0 = Release|Any CPU
		{58B58F74-203E-4F0D-A250-C3D156548120}.Release|x64.ActiveCfg = Release|Any CPU
		{58B58F74-203E-4F0D-A250-C3D156548120}.Release|x64.Build.0 = Release|Any CPU
		{58B58F74-203E-4F0D-A250-C3D156548120}.Release|x86.ActiveCfg = Release|Any CPU
		{58B58F74-203E-4F0D-A250-C3D156548120}.Release|x86.Build.0 = Release|Any CPU
		{0C402249-92E3-4E19-A517-A50DA4614790}.Debug|Any CPU.ActiveCfg = Debug|Any CPU
		{0C402249-92E3-4E19-A517-A50DA4614790}.Debug|Any CPU.Build.0 = Debug|Any CPU
		{0C402249-92E3-4E19-A517-A50DA4614790}.Debug|x64.ActiveCfg = Debug|Any CPU
		{0C402249-92E3-4E19-A517-A50DA4614790}.Debug|x64.Build.0 = Debug|Any CPU
		{0C402249-92E3-4E19-A517-A50DA4614790}.Debug|x86.ActiveCfg = Debug|Any CPU
		{0C402249-92E3-4E19-A517-A50DA4614790}.Debug|x86.Build.0 = Debug|Any CPU
		{0C402249-92E3-4E19-A517-A50DA4614790}.Release|Any CPU.ActiveCfg = Release|Any CPU
		{0C402249-92E3-4E19-A517-A50DA4614790}.Release|Any CPU.Build.0 = Release|Any CPU
		{0C402249-92E3-4E19-A517-A50DA4614790}.Release|x64.ActiveCfg = Release|Any CPU
		{0C402249-92E3-4E19-A517-A50DA4614790}.Release|x64.Build.0 = Release|Any CPU
		{0C402249-92E3-4E19-A517-A50DA4614790}.Release|x86.ActiveCfg = Release|Any CPU
		{0C402249-92E3-4E19-A517-A50DA4614790}.Release|x86.Build.0 = Release|Any CPU
		{6F34D48A-3FDC-46B1-8B11-1F9016F1B213}.Debug|Any CPU.ActiveCfg = Debug|Any CPU
		{6F34D48A-3FDC-46B1-8B11-1F9016F1B213}.Debug|Any CPU.Build.0 = Debug|Any CPU
		{6F34D48A-3FDC-46B1-8B11-1F9016F1B213}.Debug|x64.ActiveCfg = Debug|Any CPU
		{6F34D48A-3FDC-46B1-8B11-1F9016F1B213}.Debug|x64.Build.0 = Debug|Any CPU
		{6F34D48A-3FDC-46B1-8B11-1F9016F1B213}.Debug|x86.ActiveCfg = Debug|Any CPU
		{6F34D48A-3FDC-46B1-8B11-1F9016F1B213}.Debug|x86.Build.0 = Debug|Any CPU
		{6F34D48A-3FDC-46B1-8B11-1F9016F1B213}.Release|Any CPU.ActiveCfg = Release|Any CPU
		{6F34D48A-3FDC-46B1-8B11-1F9016F1B213}.Release|Any CPU.Build.0 = Release|Any CPU
		{6F34D48A-3FDC-46B1-8B11-1F9016F1B213}.Release|x64.ActiveCfg = Release|Any CPU
		{6F34D48A-3FDC-46B1-8B11-1F9016F1B213}.Release|x64.Build.0 = Release|Any CPU
		{6F34D48A-3FDC-46B1-8B11-1F9016F1B213}.Release|x86.ActiveCfg = Release|Any CPU
		{6F34D48A-3FDC-46B1-8B11-1F9016F1B213}.Release|x86.Build.0 = Release|Any CPU
		{8EF18B59-FE62-436A-9DC2-D0CCA21FA183}.Debug|Any CPU.ActiveCfg = Debug|Any CPU
		{8EF18B59-FE62-436A-9DC2-D0CCA21FA183}.Debug|Any CPU.Build.0 = Debug|Any CPU
		{8EF18B59-FE62-436A-9DC2-D0CCA21FA183}.Debug|x64.ActiveCfg = Debug|Any CPU
		{8EF18B59-FE62-436A-9DC2-D0CCA21FA183}.Debug|x64.Build.0 = Debug|Any CPU
		{8EF18B59-FE62-436A-9DC2-D0CCA21FA183}.Debug|x86.ActiveCfg = Debug|Any CPU
		{8EF18B59-FE62-436A-9DC2-D0CCA21FA183}.Debug|x86.Build.0 = Debug|Any CPU
		{8EF18B59-FE62-436A-9DC2-D0CCA21FA183}.Release|Any CPU.ActiveCfg = Release|Any CPU
		{8EF18B59-FE62-436A-9DC2-D0CCA21FA183}.Release|Any CPU.Build.0 = Release|Any CPU
		{8EF18B59-FE62-436A-9DC2-D0CCA21FA183}.Release|x64.ActiveCfg = Release|Any CPU
		{8EF18B59-FE62-436A-9DC2-D0CCA21FA183}.Release|x64.Build.0 = Release|Any CPU
		{8EF18B59-FE62-436A-9DC2-D0CCA21FA183}.Release|x86.ActiveCfg = Release|Any CPU
		{8EF18B59-FE62-436A-9DC2-D0CCA21FA183}.Release|x86.Build.0 = Release|Any CPU
		{51FC1D6D-E3BE-4745-AD8E-F06CD65CCB0C}.Debug|Any CPU.ActiveCfg = Debug|Any CPU
		{51FC1D6D-E3BE-4745-AD8E-F06CD65CCB0C}.Debug|Any CPU.Build.0 = Debug|Any CPU
		{51FC1D6D-E3BE-4745-AD8E-F06CD65CCB0C}.Debug|x64.ActiveCfg = Debug|Any CPU
		{51FC1D6D-E3BE-4745-AD8E-F06CD65CCB0C}.Debug|x64.Build.0 = Debug|Any CPU
		{51FC1D6D-E3BE-4745-AD8E-F06CD65CCB0C}.Debug|x86.ActiveCfg = Debug|Any CPU
		{51FC1D6D-E3BE-4745-AD8E-F06CD65CCB0C}.Debug|x86.Build.0 = Debug|Any CPU
		{51FC1D6D-E3BE-4745-AD8E-F06CD65CCB0C}.Release|Any CPU.ActiveCfg = Release|Any CPU
		{51FC1D6D-E3BE-4745-AD8E-F06CD65CCB0C}.Release|Any CPU.Build.0 = Release|Any CPU
		{51FC1D6D-E3BE-4745-AD8E-F06CD65CCB0C}.Release|x64.ActiveCfg = Release|Any CPU
		{51FC1D6D-E3BE-4745-AD8E-F06CD65CCB0C}.Release|x64.Build.0 = Release|Any CPU
		{51FC1D6D-E3BE-4745-AD8E-F06CD65CCB0C}.Release|x86.ActiveCfg = Release|Any CPU
		{51FC1D6D-E3BE-4745-AD8E-F06CD65CCB0C}.Release|x86.Build.0 = Release|Any CPU
		{A95AD808-52FC-497B-A8B5-7EE962673322}.Debug|Any CPU.ActiveCfg = Debug|Any CPU
		{A95AD808-52FC-497B-A8B5-7EE962673322}.Debug|Any CPU.Build.0 = Debug|Any CPU
		{A95AD808-52FC-497B-A8B5-7EE962673322}.Debug|x64.ActiveCfg = Debug|Any CPU
		{A95AD808-52FC-497B-A8B5-7EE962673322}.Debug|x64.Build.0 = Debug|Any CPU
		{A95AD808-52FC-497B-A8B5-7EE962673322}.Debug|x86.ActiveCfg = Debug|Any CPU
		{A95AD808-52FC-497B-A8B5-7EE962673322}.Debug|x86.Build.0 = Debug|Any CPU
		{A95AD808-52FC-497B-A8B5-7EE962673322}.Release|Any CPU.ActiveCfg = Release|Any CPU
		{A95AD808-52FC-497B-A8B5-7EE962673322}.Release|Any CPU.Build.0 = Release|Any CPU
		{A95AD808-52FC-497B-A8B5-7EE962673322}.Release|x64.ActiveCfg = Release|Any CPU
		{A95AD808-52FC-497B-A8B5-7EE962673322}.Release|x64.Build.0 = Release|Any CPU
		{A95AD808-52FC-497B-A8B5-7EE962673322}.Release|x86.ActiveCfg = Release|Any CPU
		{A95AD808-52FC-497B-A8B5-7EE962673322}.Release|x86.Build.0 = Release|Any CPU
		{BE594099-5D48-49AE-B944-E934CF1DCB53}.Debug|Any CPU.ActiveCfg = Debug|Any CPU
		{BE594099-5D48-49AE-B944-E934CF1DCB53}.Debug|Any CPU.Build.0 = Debug|Any CPU
		{BE594099-5D48-49AE-B944-E934CF1DCB53}.Debug|x64.ActiveCfg = Debug|Any CPU
		{BE594099-5D48-49AE-B944-E934CF1DCB53}.Debug|x64.Build.0 = Debug|Any CPU
		{BE594099-5D48-49AE-B944-E934CF1DCB53}.Debug|x86.ActiveCfg = Debug|Any CPU
		{BE594099-5D48-49AE-B944-E934CF1DCB53}.Debug|x86.Build.0 = Debug|Any CPU
		{BE594099-5D48-49AE-B944-E934CF1DCB53}.Release|Any CPU.ActiveCfg = Release|Any CPU
		{BE594099-5D48-49AE-B944-E934CF1DCB53}.Release|Any CPU.Build.0 = Release|Any CPU
		{BE594099-5D48-49AE-B944-E934CF1DCB53}.Release|x64.ActiveCfg = Release|Any CPU
		{BE594099-5D48-49AE-B944-E934CF1DCB53}.Release|x64.Build.0 = Release|Any CPU
		{BE594099-5D48-49AE-B944-E934CF1DCB53}.Release|x86.ActiveCfg = Release|Any CPU
		{BE594099-5D48-49AE-B944-E934CF1DCB53}.Release|x86.Build.0 = Release|Any CPU
		{41EE28FA-1C14-46B0-92BD-CFD879DB969B}.Debug|Any CPU.ActiveCfg = Debug|Any CPU
		{41EE28FA-1C14-46B0-92BD-CFD879DB969B}.Debug|Any CPU.Build.0 = Debug|Any CPU
		{41EE28FA-1C14-46B0-92BD-CFD879DB969B}.Debug|x64.ActiveCfg = Debug|Any CPU
		{41EE28FA-1C14-46B0-92BD-CFD879DB969B}.Debug|x64.Build.0 = Debug|Any CPU
		{41EE28FA-1C14-46B0-92BD-CFD879DB969B}.Debug|x86.ActiveCfg = Debug|Any CPU
		{41EE28FA-1C14-46B0-92BD-CFD879DB969B}.Debug|x86.Build.0 = Debug|Any CPU
		{41EE28FA-1C14-46B0-92BD-CFD879DB969B}.Release|Any CPU.ActiveCfg = Release|Any CPU
		{41EE28FA-1C14-46B0-92BD-CFD879DB969B}.Release|Any CPU.Build.0 = Release|Any CPU
		{41EE28FA-1C14-46B0-92BD-CFD879DB969B}.Release|x64.ActiveCfg = Release|Any CPU
		{41EE28FA-1C14-46B0-92BD-CFD879DB969B}.Release|x64.Build.0 = Release|Any CPU
		{41EE28FA-1C14-46B0-92BD-CFD879DB969B}.Release|x86.ActiveCfg = Release|Any CPU
		{41EE28FA-1C14-46B0-92BD-CFD879DB969B}.Release|x86.Build.0 = Release|Any CPU
		{6056E781-E648-412C-B4F4-78383829AB74}.Debug|Any CPU.ActiveCfg = Debug|Any CPU
		{6056E781-E648-412C-B4F4-78383829AB74}.Debug|Any CPU.Build.0 = Debug|Any CPU
		{6056E781-E648-412C-B4F4-78383829AB74}.Debug|x64.ActiveCfg = Debug|Any CPU
		{6056E781-E648-412C-B4F4-78383829AB74}.Debug|x64.Build.0 = Debug|Any CPU
		{6056E781-E648-412C-B4F4-78383829AB74}.Debug|x86.ActiveCfg = Debug|Any CPU
		{6056E781-E648-412C-B4F4-78383829AB74}.Debug|x86.Build.0 = Debug|Any CPU
		{6056E781-E648-412C-B4F4-78383829AB74}.Release|Any CPU.ActiveCfg = Release|Any CPU
		{6056E781-E648-412C-B4F4-78383829AB74}.Release|Any CPU.Build.0 = Release|Any CPU
		{6056E781-E648-412C-B4F4-78383829AB74}.Release|x64.ActiveCfg = Release|Any CPU
		{6056E781-E648-412C-B4F4-78383829AB74}.Release|x64.Build.0 = Release|Any CPU
		{6056E781-E648-412C-B4F4-78383829AB74}.Release|x86.ActiveCfg = Release|Any CPU
		{6056E781-E648-412C-B4F4-78383829AB74}.Release|x86.Build.0 = Release|Any CPU
		{55903647-518B-41D4-8EA5-0C7C7308358D}.Debug|Any CPU.ActiveCfg = Debug|Any CPU
		{55903647-518B-41D4-8EA5-0C7C7308358D}.Debug|Any CPU.Build.0 = Debug|Any CPU
		{55903647-518B-41D4-8EA5-0C7C7308358D}.Debug|x64.ActiveCfg = Debug|Any CPU
		{55903647-518B-41D4-8EA5-0C7C7308358D}.Debug|x64.Build.0 = Debug|Any CPU
		{55903647-518B-41D4-8EA5-0C7C7308358D}.Debug|x86.ActiveCfg = Debug|Any CPU
		{55903647-518B-41D4-8EA5-0C7C7308358D}.Debug|x86.Build.0 = Debug|Any CPU
		{55903647-518B-41D4-8EA5-0C7C7308358D}.Release|Any CPU.ActiveCfg = Release|Any CPU
		{55903647-518B-41D4-8EA5-0C7C7308358D}.Release|Any CPU.Build.0 = Release|Any CPU
		{55903647-518B-41D4-8EA5-0C7C7308358D}.Release|x64.ActiveCfg = Release|Any CPU
		{55903647-518B-41D4-8EA5-0C7C7308358D}.Release|x64.Build.0 = Release|Any CPU
		{55903647-518B-41D4-8EA5-0C7C7308358D}.Release|x86.ActiveCfg = Release|Any CPU
		{55903647-518B-41D4-8EA5-0C7C7308358D}.Release|x86.Build.0 = Release|Any CPU
	EndGlobalSection
	GlobalSection(SolutionProperties) = preSolution
		HideSolutionNode = FALSE
	EndGlobalSection
	GlobalSection(NestedProjects) = preSolution
		{DEF80C1A-8A39-40B3-94A0-51781D0AD692} = {02EA681E-C7D8-13C7-8484-4AC65E1B71E8}
		{8D8AEDBE-8460-4F7A-871E-29FBDC8B3759} = {02EA681E-C7D8-13C7-8484-4AC65E1B71E8}
		{198659F0-D2D5-4612-BC89-C28ED8CF1DFD} = {02EA681E-C7D8-13C7-8484-4AC65E1B71E8}
		{58B58F74-203E-4F0D-A250-C3D156548120} = {19B59BA0-D074-4CAB-890D-A016B390411E}
		{0C402249-92E3-4E19-A517-A50DA4614790} = {19B59BA0-D074-4CAB-890D-A016B390411E}
		{6F34D48A-3FDC-46B1-8B11-1F9016F1B213} = {19B59BA0-D074-4CAB-890D-A016B390411E}
		{8EF18B59-FE62-436A-9DC2-D0CCA21FA183} = {45124F90-A670-4EA1-96BF-388F5D1BA2C1}
		{51FC1D6D-E3BE-4745-AD8E-F06CD65CCB0C} = {45124F90-A670-4EA1-96BF-388F5D1BA2C1}
		{A95AD808-52FC-497B-A8B5-7EE962673322} = {45124F90-A670-4EA1-96BF-388F5D1BA2C1}
		{BE594099-5D48-49AE-B944-E934CF1DCB53} = {827E0CD3-B72D-47B6-A68D-7590B98EB39B}
		{41EE28FA-1C14-46B0-92BD-CFD879DB969B} = {0AB3BF05-4346-4AA6-1389-037BE0695223}
		{6056E781-E648-412C-B4F4-78383829AB74} = {0AB3BF05-4346-4AA6-1389-037BE0695223}
		{55903647-518B-41D4-8EA5-0C7C7308358D} = {0AB3BF05-4346-4AA6-1389-037BE0695223}
		{02EA681E-C7D8-13C7-8484-4AC65E1B71E8} = {827E0CD3-B72D-47B6-A68D-7590B98EB39B}
		{45124F90-A670-4EA1-96BF-388F5D1BA2C1} = {827E0CD3-B72D-47B6-A68D-7590B98EB39B}
		{19B59BA0-D074-4CAB-890D-A016B390411E} = {827E0CD3-B72D-47B6-A68D-7590B98EB39B}
	EndGlobalSection
	GlobalSection(ExtensibilityGlobals) = postSolution
		SolutionGuid = {790C2C6C-1D93-4839-A566-724ECF9EE7D8}
	EndGlobalSection
EndGlobal
